
Microsoft Visual Studio Solution File, Format Version 12.00
# Visual Studio Version 17
VisualStudioVersion = 17.8.34408.163
MinimumVisualStudioVersion = 10.0.40219.1
Project("{9A19103F-16F7-4668-BE54-9A1E7A4F7556}") = "ChalkBoardChat.Ui", "ChalkBoardChat.ui\ChalkBoardChat.Ui.csproj", "{8394BA8F-8056-4986-B310-9AACA845E655}"
EndProject
Project("{9A19103F-16F7-4668-BE54-9A1E7A4F7556}") = "ChalkBoardChat.App", "ChalkBoardChat.App\ChalkBoardChat.App.csproj", "{DB8F627F-3705-4D5F-A8EF-AF92D3EE91F0}"
EndProject
Project("{9A19103F-16F7-4668-BE54-9A1E7A4F7556}") = "ChalkBoardChat.Data", "ChalkBoardChat.Data\ChalkBoardChat.Data.csproj", "{2E7EFBCB-1BF1-45A3-95E5-67F18CDB2255}"
EndProject
Global
	GlobalSection(SolutionConfigurationPlatforms) = preSolution
		Debug|Any CPU = Debug|Any CPU
		Release|Any CPU = Release|Any CPU
	EndGlobalSection
	GlobalSection(ProjectConfigurationPlatforms) = postSolution
		{8394BA8F-8056-4986-B310-9AACA845E655}.Debug|Any CPU.ActiveCfg = Debug|Any CPU
		{8394BA8F-8056-4986-B310-9AACA845E655}.Debug|Any CPU.Build.0 = Debug|Any CPU
		{8394BA8F-8056-4986-B310-9AACA845E655}.Release|Any CPU.ActiveCfg = Release|Any CPU
		{8394BA8F-8056-4986-B310-9AACA845E655}.Release|Any CPU.Build.0 = Release|Any CPU
		{DB8F627F-3705-4D5F-A8EF-AF92D3EE91F0}.Debug|Any CPU.ActiveCfg = Debug|Any CPU
		{DB8F627F-3705-4D5F-A8EF-AF92D3EE91F0}.Debug|Any CPU.Build.0 = Debug|Any CPU
		{DB8F627F-3705-4D5F-A8EF-AF92D3EE91F0}.Release|Any CPU.ActiveCfg = Release|Any CPU
		{DB8F627F-3705-4D5F-A8EF-AF92D3EE91F0}.Release|Any CPU.Build.0 = Release|Any CPU
		{2E7EFBCB-1BF1-45A3-95E5-67F18CDB2255}.Debug|Any CPU.ActiveCfg = Debug|Any CPU
		{2E7EFBCB-1BF1-45A3-95E5-67F18CDB2255}.Debug|Any CPU.Build.0 = Debug|Any CPU
		{2E7EFBCB-1BF1-45A3-95E5-67F18CDB2255}.Release|Any CPU.ActiveCfg = Release|Any CPU
		{2E7EFBCB-1BF1-45A3-95E5-67F18CDB2255}.Release|Any CPU.Build.0 = Release|Any CPU
	EndGlobalSection
	GlobalSection(SolutionProperties) = preSolution
		HideSolutionNode = FALSE
	EndGlobalSection
	GlobalSection(ExtensibilityGlobals) = postSolution
		SolutionGuid = {E0595422-DA08-4792-9F1C-A11ED3DC82AA}
	EndGlobalSection
EndGlobal
